
Microsoft Visual Studio Solution File, Format Version 12.00
# Visual Studio Version 16
VisualStudioVersion = 16.0.30804.86
MinimumVisualStudioVersion = 10.0.40219.1
Project("{FAE04EC0-301F-11D3-BF4B-00C04F79EFBC}") = "wcfChat", "wcfChat\wcfChat.csproj", "{7CA2683B-2306-4CE1-BDFE-3D4513A19BD6}"
EndProject
Project("{FAE04EC0-301F-11D3-BF4B-00C04F79EFBC}") = "ChatHost", "ChatHost\ChatHost.csproj", "{F7141189-0A22-4B3B-BCB2-C40BC806D2F9}"
EndProject
Project("{FAE04EC0-301F-11D3-BF4B-00C04F79EFBC}") = "ChatClient", "ChatClient\ChatClient.csproj", "{194A8DB3-F124-46EC-8C00-A78F193912D9}"
EndProject
Global
	GlobalSection(SolutionConfigurationPlatforms) = preSolution
		Debug|Any CPU = Debug|Any CPU
		Release|Any CPU = Release|Any CPU
	EndGlobalSection
	GlobalSection(ProjectConfigurationPlatforms) = postSolution
		{7CA2683B-2306-4CE1-BDFE-3D4513A19BD6}.Debug|Any CPU.ActiveCfg = Debug|Any CPU
		{7CA2683B-2306-4CE1-BDFE-3D4513A19BD6}.Debug|Any CPU.Build.0 = Debug|Any CPU
		{7CA2683B-2306-4CE1-BDFE-3D4513A19BD6}.Release|Any CPU.ActiveCfg = Release|Any CPU
		{7CA2683B-2306-4CE1-BDFE-3D4513A19BD6}.Release|Any CPU.Build.0 = Release|Any CPU
		{F7141189-0A22-4B3B-BCB2-C40BC806D2F9}.Debug|Any CPU.ActiveCfg = Debug|Any CPU
		{F7141189-0A22-4B3B-BCB2-C40BC806D2F9}.Debug|Any CPU.Build.0 = Debug|Any CPU
		{F7141189-0A22-4B3B-BCB2-C40BC806D2F9}.Release|Any CPU.ActiveCfg = Release|Any CPU
		{F7141189-0A22-4B3B-BCB2-C40BC806D2F9}.Release|Any CPU.Build.0 = Release|Any CPU
		{194A8DB3-F124-46EC-8C00-A78F193912D9}.Debug|Any CPU.ActiveCfg = Debug|Any CPU
		{194A8DB3-F124-46EC-8C00-A78F193912D9}.Debug|Any CPU.Build.0 = Debug|Any CPU
		{194A8DB3-F124-46EC-8C00-A78F193912D9}.Release|Any CPU.ActiveCfg = Release|Any CPU
		{194A8DB3-F124-46EC-8C00-A78F193912D9}.Release|Any CPU.Build.0 = Release|Any CPU
	EndGlobalSection
	GlobalSection(SolutionProperties) = preSolution
		HideSolutionNode = FALSE
	EndGlobalSection
	GlobalSection(ExtensibilityGlobals) = postSolution
		SolutionGuid = {E8C38ACC-5D72-436C-BD4B-77EA668159C3}
	EndGlobalSection
EndGlobal
